
Microsoft Visual Studio Solution File, Format Version 12.00
# Visual Studio Version 16
VisualStudioVersion = 16.0.30002.166
MinimumVisualStudioVersion = 10.0.40219.1
Project("{9A19103F-16F7-4668-BE54-9A1E7A4F7556}") = "fdp-pathfinder", "fdp-pathfinder.csproj", "{5B98B6FA-516A-4B3C-A4F6-8CA79734B284}"
EndProject
Global
	GlobalSection(SolutionConfigurationPlatforms) = preSolution
		Debug|Any CPU = Debug|Any CPU
		Release|Any CPU = Release|Any CPU
	EndGlobalSection
	GlobalSection(ProjectConfigurationPlatforms) = postSolution
		{5B98B6FA-516A-4B3C-A4F6-8CA79734B284}.Debug|Any CPU.ActiveCfg = Debug|Any CPU
		{5B98B6FA-516A-4B3C-A4F6-8CA79734B284}.Debug|Any CPU.Build.0 = Debug|Any CPU
		{5B98B6FA-516A-4B3C-A4F6-8CA79734B284}.Release|Any CPU.ActiveCfg = Release|Any CPU
		{5B98B6FA-516A-4B3C-A4F6-8CA79734B284}.Release|Any CPU.Build.0 = Release|Any CPU
	EndGlobalSection
	GlobalSection(SolutionProperties) = preSolution
		HideSolutionNode = FALSE
	EndGlobalSection
	GlobalSection(ExtensibilityGlobals) = postSolution
		SolutionGuid = {E425D09B-B5C8-405F-8090-5FF48F135119}
	EndGlobalSection
EndGlobal
